
Microsoft Visual Studio Solution File, Format Version 12.00
# Visual Studio Version 17
VisualStudioVersion = 17.8.34525.116
MinimumVisualStudioVersion = 10.0.40219.1
Project("{FAE04EC0-301F-11D3-BF4B-00C04F79EFBC}") = "NumbersAPI_ErrorCheck", "NumbersAPI_ErrorCheck.csproj", "{6DC6848D-7CBC-4A00-AFA3-6F873C72A4DE}"
EndProject
Global
	GlobalSection(SolutionConfigurationPlatforms) = preSolution
		Debug|Any CPU = Debug|Any CPU
		Release|Any CPU = Release|Any CPU
	EndGlobalSection
	GlobalSection(ProjectConfigurationPlatforms) = postSolution
		{6DC6848D-7CBC-4A00-AFA3-6F873C72A4DE}.Debug|Any CPU.ActiveCfg = Debug|Any CPU
		{6DC6848D-7CBC-4A00-AFA3-6F873C72A4DE}.Debug|Any CPU.Build.0 = Debug|Any CPU
		{6DC6848D-7CBC-4A00-AFA3-6F873C72A4DE}.Release|Any CPU.ActiveCfg = Release|Any CPU
		{6DC6848D-7CBC-4A00-AFA3-6F873C72A4DE}.Release|Any CPU.Build.0 = Release|Any CPU
	EndGlobalSection
	GlobalSection(SolutionProperties) = preSolution
		HideSolutionNode = FALSE
	EndGlobalSection
	GlobalSection(ExtensibilityGlobals) = postSolution
		SolutionGuid = {F8825C17-DBA1-4231-8E12-5177BB3E4732}
	EndGlobalSection
EndGlobal
